{
  "name": "edge-agent",
  "lockfileVersion": 3,
  "requires": true,
  "packages": {
    "": {
      "dependencies": {
        "zeroui-2.0": "file:../.."
      }
    },
    "../..": {
      "name": "zeroui-2.0",
      "version": "2.0.0",
      "devDependencies": {
        "@types/jest": "^29.5.14",
        "@types/node": "^20.11.17",
        "@types/vscode": "^1.105.0",
        "jest": "^29.7.0",
        "ts-jest": "^29.4.5",
        "typescript": "^5.3.3"
      }
    },
    "node_modules/zeroui-2.0": {
      "resolved": "../..",
      "link": true
    }
  }
}
